// !$*UTF8*$!
{
	archiveVersion = 1;
	classes = {
	};
	objectVersion = 46;
	objects = {

/* Begin PBXBuildFile section */
		4A1F794B1A43231B0021AF6E /* Info.plist in Resources */ = {isa = PBXBuildFile; fileRef = 4A1F79491A43231B0021AF6E /* Info.plist */; };
		4A1F794C1A43231B0021AF6E /* JPAttributedStringBuilderTest.m in Sources */ = {isa = PBXBuildFile; fileRef = 4A1F794A1A43231B0021AF6E /* JPAttributedStringBuilderTest.m */; };
		4A1F79591A4323370021AF6E /* AppDelegate.m in Sources */ = {isa = PBXBuildFile; fileRef = 4A1F794E1A4323370021AF6E /* AppDelegate.m */; };
		4A1F795D1A4323370021AF6E /* Info.plist in Resources */ = {isa = PBXBuildFile; fileRef = 4A1F79551A4323370021AF6E /* Info.plist */; };
		4A1F795E1A4323370021AF6E /* main.m in Sources */ = {isa = PBXBuildFile; fileRef = 4A1F79561A4323370021AF6E /* main.m */; };
		4A1F795F1A4323370021AF6E /* ViewController.m in Sources */ = {isa = PBXBuildFile; fileRef = 4A1F79581A4323370021AF6E /* ViewController.m */; };
		4A1F79661A4323690021AF6E /* LaunchScreen.xib in Resources */ = {isa = PBXBuildFile; fileRef = 4A1F79611A4323690021AF6E /* LaunchScreen.xib */; };
		4A1F79671A4323690021AF6E /* Main.storyboard in Resources */ = {isa = PBXBuildFile; fileRef = 4A1F79631A4323690021AF6E /* Main.storyboard */; };
		4A1F79681A4323690021AF6E /* Images.xcassets in Resources */ = {isa = PBXBuildFile; fileRef = 4A1F79651A4323690021AF6E /* Images.xcassets */; };
		4A1F796B1A43237D0021AF6E /* JPAttributedStringBuilder.m in Sources */ = {isa = PBXBuildFile; fileRef = 4A1F796A1A43237D0021AF6E /* JPAttributedStringBuilder.m */; };
		4A1F79711A44DDC10021AF6E /* UILabel+JPAttributedStringBuilder.m in Sources */ = {isa = PBXBuildFile; fileRef = 4A1F79701A44DDC10021AF6E /* UILabel+JPAttributedStringBuilder.m */; };
/* End PBXBuildFile section */

/* Begin PBXContainerItemProxy section */
		1ACFEC081A2EA8380070C11C /* PBXContainerItemProxy */ = {
			isa = PBXContainerItemProxy;
			containerPortal = 1ACFEBE61A2EA8380070C11C /* Project object */;
			proxyType = 1;
			remoteGlobalIDString = 1ACFEBED1A2EA8380070C11C;
			remoteInfo = "JPSmartString Examples";
		};
/* End PBXContainerItemProxy section */

/* Begin PBXFileReference section */
		1ACFEBEE1A2EA8380070C11C /* JPAttributedStringBuilder Examples.app */ = {isa = PBXFileReference; explicitFileType = wrapper.application; includeInIndex = 0; path = "JPAttributedStringBuilder Examples.app"; sourceTree = BUILT_PRODUCTS_DIR; };
		1ACFEC071A2EA8380070C11C /* JPAttributedStringBuilder ExamplesTests.xctest */ = {isa = PBXFileReference; explicitFileType = wrapper.cfbundle; includeInIndex = 0; path = "JPAttributedStringBuilder ExamplesTests.xctest"; sourceTree = BUILT_PRODUCTS_DIR; };
		4A1F79491A43231B0021AF6E /* Info.plist */ = {isa = PBXFileReference; fileEncoding = 4; lastKnownFileType = text.plist.xml; name = Info.plist; path = "JPAttributedStringBuilder ExamplesTests/Info.plist"; sourceTree = SOURCE_ROOT; };
		4A1F794A1A43231B0021AF6E /* JPAttributedStringBuilderTest.m */ = {isa = PBXFileReference; fileEncoding = 4; lastKnownFileType = sourcecode.c.objc; name = JPAttributedStringBuilderTest.m; path = "JPAttributedStringBuilder ExamplesTests/JPAttributedStringBuilderTest.m"; sourceTree = SOURCE_ROOT; };
		4A1F794D1A4323370021AF6E /* AppDelegate.h */ = {isa = PBXFileReference; fileEncoding = 4; lastKnownFileType = sourcecode.c.h; name = AppDelegate.h; path = "JPAttributedStringBuilder Examples/AppDelegate.h"; sourceTree = SOURCE_ROOT; };
		4A1F794E1A4323370021AF6E /* AppDelegate.m */ = {isa = PBXFileReference; fileEncoding = 4; lastKnownFileType = sourcecode.c.objc; name = AppDelegate.m; path = "JPAttributedStringBuilder Examples/AppDelegate.m"; sourceTree = SOURCE_ROOT; };
		4A1F79551A4323370021AF6E /* Info.plist */ = {isa = PBXFileReference; fileEncoding = 4; lastKnownFileType = text.plist.xml; name = Info.plist; path = "JPAttributedStringBuilder Examples/Info.plist"; sourceTree = SOURCE_ROOT; };
		4A1F79561A4323370021AF6E /* main.m */ = {isa = PBXFileReference; fileEncoding = 4; lastKnownFileType = sourcecode.c.objc; name = main.m; path = "JPAttributedStringBuilder Examples/main.m"; sourceTree = SOURCE_ROOT; };
		4A1F79571A4323370021AF6E /* ViewController.h */ = {isa = PBXFileReference; fileEncoding = 4; lastKnownFileType = sourcecode.c.h; name = ViewController.h; path = "JPAttributedStringBuilder Examples/ViewController.h"; sourceTree = SOURCE_ROOT; };
		4A1F79581A4323370021AF6E /* ViewController.m */ = {isa = PBXFileReference; fileEncoding = 4; lastKnownFileType = sourcecode.c.objc; name = ViewController.m; path = "JPAttributedStringBuilder Examples/ViewController.m"; sourceTree = SOURCE_ROOT; };
		4A1F79621A4323690021AF6E /* Base */ = {isa = PBXFileReference; lastKnownFileType = file.xib; name = Base; path = LaunchScreen.xib; sourceTree = "<group>"; };
		4A1F79641A4323690021AF6E /* Base */ = {isa = PBXFileReference; lastKnownFileType = file.storyboard; name = Base; path = Main.storyboard; sourceTree = "<group>"; };
		4A1F79651A4323690021AF6E /* Images.xcassets */ = {isa = PBXFileReference; lastKnownFileType = folder.assetcatalog; name = Images.xcassets; path = "JPAttributedStringBuilder Examples/Images.xcassets"; sourceTree = SOURCE_ROOT; };
		4A1F79691A43237D0021AF6E /* JPAttributedStringBuilder.h */ = {isa = PBXFileReference; fileEncoding = 4; lastKnownFileType = sourcecode.c.h; name = JPAttributedStringBuilder.h; path = ../JPAttributedStringBuilder/JPAttributedStringBuilder.h; sourceTree = "<group>"; };
		4A1F796A1A43237D0021AF6E /* JPAttributedStringBuilder.m */ = {isa = PBXFileReference; fileEncoding = 4; lastKnownFileType = sourcecode.c.objc; name = JPAttributedStringBuilder.m; path = ../JPAttributedStringBuilder/JPAttributedStringBuilder.m; sourceTree = "<group>"; };
		4A1F796F1A44DDC10021AF6E /* UILabel+JPAttributedStringBuilder.h */ = {isa = PBXFileReference; fileEncoding = 4; lastKnownFileType = sourcecode.c.h; name = "UILabel+JPAttributedStringBuilder.h"; path = "../JPAttributedStringBuilder/UILabel+JPAttributedStringBuilder.h"; sourceTree = "<group>"; };
		4A1F79701A44DDC10021AF6E /* UILabel+JPAttributedStringBuilder.m */ = {isa = PBXFileReference; fileEncoding = 4; lastKnownFileType = sourcecode.c.objc; name = "UILabel+JPAttributedStringBuilder.m"; path = "../JPAttributedStringBuilder/UILabel+JPAttributedStringBuilder.m"; sourceTree = "<group>"; };
/* End PBXFileReference section */

/* Begin PBXFrameworksBuildPhase section */
		1ACFEBEB1A2EA8380070C11C /* Frameworks */ = {
			isa = PBXFrameworksBuildPhase;
			buildActionMask = 2147483647;
			files = (
			);
			runOnlyForDeploymentPostprocessing = 0;
		};
		1ACFEC041A2EA8380070C11C /* Frameworks */ = {
			isa = PBXFrameworksBuildPhase;
			buildActionMask = 2147483647;
			files = (
			);
			runOnlyForDeploymentPostprocessing = 0;
		};
/* End PBXFrameworksBuildPhase section */

/* Begin PBXGroup section */
		1A639C8A1A3A1DDF0098229E /* JPAttributedStringBuilder */ = {
			isa = PBXGroup;
			children = (
				4A1F79691A43237D0021AF6E /* JPAttributedStringBuilder.h */,
				4A1F796A1A43237D0021AF6E /* JPAttributedStringBuilder.m */,
				4A1F796F1A44DDC10021AF6E /* UILabel+JPAttributedStringBuilder.h */,
				4A1F79701A44DDC10021AF6E /* UILabel+JPAttributedStringBuilder.m */,
			);
			name = JPAttributedStringBuilder;
			sourceTree = "<group>";
		};
		1ACFEBE51A2EA8380070C11C = {
			isa = PBXGroup;
			children = (
				1A639C8A1A3A1DDF0098229E /* JPAttributedStringBuilder */,
				1ACFEBF01A2EA8380070C11C /* JPAttributedStringBuilder Examples */,
				1ACFEC0A1A2EA8380070C11C /* JPAttributedStringBuilder Tests */,
				1ACFEBEF1A2EA8380070C11C /* Products */,
			);
			sourceTree = "<group>";
		};
		1ACFEBEF1A2EA8380070C11C /* Products */ = {
			isa = PBXGroup;
			children = (
				1ACFEBEE1A2EA8380070C11C /* JPAttributedStringBuilder Examples.app */,
				1ACFEC071A2EA8380070C11C /* JPAttributedStringBuilder ExamplesTests.xctest */,
			);
			name = Products;
			sourceTree = "<group>";
		};
		1ACFEBF01A2EA8380070C11C /* JPAttributedStringBuilder Examples */ = {
			isa = PBXGroup;
			children = (
				4A1F79601A4323690021AF6E /* Base.lproj */,
				4A1F79651A4323690021AF6E /* Images.xcassets */,
				4A1F794D1A4323370021AF6E /* AppDelegate.h */,
				4A1F794E1A4323370021AF6E /* AppDelegate.m */,
				4A1F79571A4323370021AF6E /* ViewController.h */,
				4A1F79581A4323370021AF6E /* ViewController.m */,
				1ACFEBF11A2EA8380070C11C /* Supporting Files */,
			);
			name = "JPAttributedStringBuilder Examples";
			path = "JPSmartString Examples";
			sourceTree = "<group>";
		};
		1ACFEBF11A2EA8380070C11C /* Supporting Files */ = {
			isa = PBXGroup;
			children = (
				4A1F79551A4323370021AF6E /* Info.plist */,
				4A1F79561A4323370021AF6E /* main.m */,
			);
			name = "Supporting Files";
			sourceTree = "<group>";
		};
		1ACFEC0A1A2EA8380070C11C /* JPAttributedStringBuilder Tests */ = {
			isa = PBXGroup;
			children = (
				4A1F79491A43231B0021AF6E /* Info.plist */,
				4A1F794A1A43231B0021AF6E /* JPAttributedStringBuilderTest.m */,
			);
			name = "JPAttributedStringBuilder Tests";
			path = "JPSmartString ExamplesTests";
			sourceTree = "<group>";
		};
		4A1F79601A4323690021AF6E /* Base.lproj */ = {
			isa = PBXGroup;
			children = (
				4A1F79611A4323690021AF6E /* LaunchScreen.xib */,
				4A1F79631A4323690021AF6E /* Main.storyboard */,
			);
			name = Base.lproj;
			path = "JPAttributedStringBuilder Examples/Base.lproj";
			sourceTree = SOURCE_ROOT;
		};
/* End PBXGroup section */

/* Begin PBXNativeTarget section */
		1ACFEBED1A2EA8380070C11C /* JPAttributedStringBuilder Examples */ = {
			isa = PBXNativeTarget;
			buildConfigurationList = 1ACFEC111A2EA8380070C11C /* Build configuration list for PBXNativeTarget "JPAttributedStringBuilder Examples" */;
			buildPhases = (
				1ACFEBEA1A2EA8380070C11C /* Sources */,
				1ACFEBEB1A2EA8380070C11C /* Frameworks */,
				1ACFEBEC1A2EA8380070C11C /* Resources */,
			);
			buildRules = (
			);
			dependencies = (
			);
			name = "JPAttributedStringBuilder Examples";
			productName = "JPSmartString Examples";
			productReference = 1ACFEBEE1A2EA8380070C11C /* JPAttributedStringBuilder Examples.app */;
			productType = "com.apple.product-type.application";
		};
		1ACFEC061A2EA8380070C11C /* JPAttributedStringBuilder ExamplesTests */ = {
			isa = PBXNativeTarget;
			buildConfigurationList = 1ACFEC141A2EA8380070C11C /* Build configuration list for PBXNativeTarget "JPAttributedStringBuilder ExamplesTests" */;
			buildPhases = (
				1ACFEC031A2EA8380070C11C /* Sources */,
				1ACFEC041A2EA8380070C11C /* Frameworks */,
				1ACFEC051A2EA8380070C11C /* Resources */,
			);
			buildRules = (
			);
			dependencies = (
				1ACFEC091A2EA8380070C11C /* PBXTargetDependency */,
			);
			name = "JPAttributedStringBuilder ExamplesTests";
			productName = "JPSmartString ExamplesTests";
			productReference = 1ACFEC071A2EA8380070C11C /* JPAttributedStringBuilder ExamplesTests.xctest */;
			productType = "com.apple.product-type.bundle.unit-test";
		};
/* End PBXNativeTarget section */

/* Begin PBXProject section */
		1ACFEBE61A2EA8380070C11C /* Project object */ = {
			isa = PBXProject;
			attributes = {
				LastUpgradeCheck = 0610;
				ORGANIZATIONNAME = "James Paolantonio";
				TargetAttributes = {
					1ACFEBED1A2EA8380070C11C = {
						CreatedOnToolsVersion = 6.1;
					};
					1ACFEC061A2EA8380070C11C = {
						CreatedOnToolsVersion = 6.1;
						TestTargetID = 1ACFEBED1A2EA8380070C11C;
					};
				};
			};
			buildConfigurationList = 1ACFEBE91A2EA8380070C11C /* Build configuration list for PBXProject "JPAttributedStringBuilder" */;
			compatibilityVersion = "Xcode 3.2";
			developmentRegion = English;
			hasScannedForEncodings = 0;
			knownRegions = (
				en,
				Base,
			);
			mainGroup = 1ACFEBE51A2EA8380070C11C;
			productRefGroup = 1ACFEBEF1A2EA8380070C11C /* Products */;
			projectDirPath = "";
			projectRoot = "";
			targets = (
				1ACFEBED1A2EA8380070C11C /* JPAttributedStringBuilder Examples */,
				1ACFEC061A2EA8380070C11C /* JPAttributedStringBuilder ExamplesTests */,
			);
		};
/* End PBXProject section */

/* Begin PBXResourcesBuildPhase section */
		1ACFEBEC1A2EA8380070C11C /* Resources */ = {
			isa = PBXResourcesBuildPhase;
			buildActionMask = 2147483647;
			files = (
				4A1F79671A4323690021AF6E /* Main.storyboard in Resources */,
				4A1F79681A4323690021AF6E /* Images.xcassets in Resources */,
				4A1F79661A4323690021AF6E /* LaunchScreen.xib in Resources */,
				4A1F795D1A4323370021AF6E /* Info.plist in Resources */,
			);
			runOnlyForDeploymentPostprocessing = 0;
		};
		1ACFEC051A2EA8380070C11C /* Resources */ = {
			isa = PBXResourcesBuildPhase;
			buildActionMask = 2147483647;
			files = (
				4A1F794B1A43231B0021AF6E /* Info.plist in Resources */,
			);
			runOnlyForDeploymentPostprocessing = 0;
		};
/* End PBXResourcesBuildPhase section */

/* Begin PBXSourcesBuildPhase section */
		1ACFEBEA1A2EA8380070C11C /* Sources */ = {
			isa = PBXSourcesBuildPhase;
			buildActionMask = 2147483647;
			files = (
				4A1F795F1A4323370021AF6E /* ViewController.m in Sources */,
				4A1F795E1A4323370021AF6E /* main.m in Sources */,
				4A1F796B1A43237D0021AF6E /* JPAttributedStringBuilder.m in Sources */,
				4A1F79711A44DDC10021AF6E /* UILabel+JPAttributedStringBuilder.m in Sources */,
				4A1F79591A4323370021AF6E /* AppDelegate.m in Sources */,
			);
			runOnlyForDeploymentPostprocessing = 0;
		};
		1ACFEC031A2EA8380070C11C /* Sources */ = {
			isa = PBXSourcesBuildPhase;
			buildActionMask = 2147483647;
			files = (
				4A1F794C1A43231B0021AF6E /* JPAttributedStringBuilderTest.m in Sources */,
			);
			runOnlyForDeploymentPostprocessing = 0;
		};
/* End PBXSourcesBuildPhase section */

/* Begin PBXTargetDependency section */
		1ACFEC091A2EA8380070C11C /* PBXTargetDependency */ = {
			isa = PBXTargetDependency;
			target = 1ACFEBED1A2EA8380070C11C /* JPAttributedStringBuilder Examples */;
			targetProxy = 1ACFEC081A2EA8380070C11C /* PBXContainerItemProxy */;
		};
/* End PBXTargetDependency section */

/* Begin PBXVariantGroup section */
		4A1F79611A4323690021AF6E /* LaunchScreen.xib */ = {
			isa = PBXVariantGroup;
			children = (
				4A1F79621A4323690021AF6E /* Base */,
			);
			name = LaunchScreen.xib;
			sourceTree = "<group>";
		};
		4A1F79631A4323690021AF6E /* Main.storyboard */ = {
			isa = PBXVariantGroup;
			children = (
				4A1F79641A4323690021AF6E /* Base */,
			);
			name = Main.storyboard;
			sourceTree = "<group>";
		};
/* End PBXVariantGroup section */

/* Begin XCBuildConfiguration section */
		1ACFEC0F1A2EA8380070C11C /* Debug */ = {
			isa = XCBuildConfiguration;
			buildSettings = {
				ALWAYS_SEARCH_USER_PATHS = NO;
				CLANG_CXX_LANGUAGE_STANDARD = "gnu++0x";
				CLANG_CXX_LIBRARY = "libc++";
				CLANG_ENABLE_MODULES = YES;
				CLANG_ENABLE_OBJC_ARC = YES;
				CLANG_WARN_BOOL_CONVERSION = YES;
				CLANG_WARN_CONSTANT_CONVERSION = YES;
				CLANG_WARN_DIRECT_OBJC_ISA_USAGE = YES_ERROR;
				CLANG_WARN_EMPTY_BODY = YES;
				CLANG_WARN_ENUM_CONVERSION = YES;
				CLANG_WARN_INT_CONVERSION = YES;
				CLANG_WARN_OBJC_ROOT_CLASS = YES_ERROR;
				CLANG_WARN_UNREACHABLE_CODE = YES;
				CLANG_WARN__DUPLICATE_METHOD_MATCH = YES;
				"CODE_SIGN_IDENTITY[sdk=iphoneos*]" = "iPhone Developer";
				COPY_PHASE_STRIP = NO;
				ENABLE_STRICT_OBJC_MSGSEND = YES;
				GCC_C_LANGUAGE_STANDARD = gnu99;
				GCC_DYNAMIC_NO_PIC = NO;
				GCC_OPTIMIZATION_LEVEL = 0;
				GCC_PREPROCESSOR_DEFINITIONS = (
					"DEBUG=1",
					"$(inherited)",
				);
				GCC_SYMBOLS_PRIVATE_EXTERN = NO;
				GCC_WARN_64_TO_32_BIT_CONVERSION = YES;
				GCC_WARN_ABOUT_RETURN_TYPE = YES_ERROR;
				GCC_WARN_UNDECLARED_SELECTOR = YES;
				GCC_WARN_UNINITIALIZED_AUTOS = YES_AGGRESSIVE;
				GCC_WARN_UNUSED_FUNCTION = YES;
				GCC_WARN_UNUSED_VARIABLE = YES;
				IPHONEOS_DEPLOYMENT_TARGET = 8.1;
				MTL_ENABLE_DEBUG_INFO = YES;
				ONLY_ACTIVE_ARCH = YES;
				SDKROOT = iphoneos;
				TARGETED_DEVICE_FAMILY = "1,2";
			};
			name = Debug;
		};
		1ACFEC101A2EA8380070C11C /* Release */ = {
			isa = XCBuildConfiguration;
			buildSettings = {
				ALWAYS_SEARCH_USER_PATHS = NO;
				CLANG_CXX_LANGUAGE_STANDARD = "gnu++0x";
				CLANG_CXX_LIBRARY = "libc++";
				CLANG_ENABLE_MODULES = YES;
				CLANG_ENABLE_OBJC_ARC = YES;
				CLANG_WARN_BOOL_CONVERSION = YES;
				CLANG_WARN_CONSTANT_CONVERSION = YES;
				CLANG_WARN_DIRECT_OBJC_ISA_USAGE = YES_ERROR;
				CLANG_WARN_EMPTY_BODY = YES;
				CLANG_WARN_ENUM_CONVERSION = YES;
				CLANG_WARN_INT_CONVERSION = YES;
				CLANG_WARN_OBJC_ROOT_CLASS = YES_ERROR;
				CLANG_WARN_UNREACHABLE_CODE = YES;
				CLANG_WARN__DUPLICATE_METHOD_MATCH = YES;
				"CODE_SIGN_IDENTITY[sdk=iphoneos*]" = "iPhone Developer";
				COPY_PHASE_STRIP = YES;
				ENABLE_NS_ASSERTIONS = NO;
				ENABLE_STRICT_OBJC_MSGSEND = YES;
				GCC_C_LANGUAGE_STANDARD = gnu99;
				GCC_WARN_64_TO_32_BIT_CONVERSION = YES;
				GCC_WARN_ABOUT_RETURN_TYPE = YES_ERROR;
				GCC_WARN_UNDECLARED_SELECTOR = YES;
				GCC_WARN_UNINITIALIZED_AUTOS = YES_AGGRESSIVE;
				GCC_WARN_UNUSED_FUNCTION = YES;
				GCC_WARN_UNUSED_VARIABLE = YES;
				IPHONEOS_DEPLOYMENT_TARGET = 8.1;
				MTL_ENABLE_DEBUG_INFO = NO;
				SDKROOT = iphoneos;
				TARGETED_DEVICE_FAMILY = "1,2";
				VALIDATE_PRODUCT = YES;
			};
			name = Release;
		};
		1ACFEC121A2EA8380070C11C /* Debug */ = {
			isa = XCBuildConfiguration;
			buildSettings = {
				ASSETCATALOG_COMPILER_APPICON_NAME = AppIcon;
				INFOPLIST_FILE = "JPAttributedStringBuilder Examples/Info.plist";
				LD_RUNPATH_SEARCH_PATHS = "$(inherited) @executable_path/Frameworks";
				PRODUCT_NAME = "$(TARGET_NAME)";
			};
			name = Debug;
		};
		1ACFEC131A2EA8380070C11C /* Release */ = {
			isa = XCBuildConfiguration;
			buildSettings = {
				ASSETCATALOG_COMPILER_APPICON_NAME = AppIcon;
				INFOPLIST_FILE = "JPAttributedStringBuilder Examples/Info.plist";
				LD_RUNPATH_SEARCH_PATHS = "$(inherited) @executable_path/Frameworks";
				PRODUCT_NAME = "$(TARGET_NAME)";
			};
			name = Release;
		};
		1ACFEC151A2EA8380070C11C /* Debug */ = {
			isa = XCBuildConfiguration;
			buildSettings = {
				BUNDLE_LOADER = "$(TEST_HOST)";
				FRAMEWORK_SEARCH_PATHS = (
					"$(SDKROOT)/Developer/Library/Frameworks",
					"$(inherited)",
				);
				GCC_PREPROCESSOR_DEFINITIONS = (
					"DEBUG=1",
					"$(inherited)",
				);
				INFOPLIST_FILE = "JPAttributedStringBuilder ExamplesTests/Info.plist";
				LD_RUNPATH_SEARCH_PATHS = "$(inherited) @executable_path/Frameworks @loader_path/Frameworks";
				PRODUCT_NAME = "$(TARGET_NAME)";
				TEST_HOST = "$(BUILT_PRODUCTS_DIR)/JPAttributedStringBuilder Examples.app/JPAttributedStringBuilder Examples";
			};
			name = Debug;
		};
		1ACFEC161A2EA8380070C11C /* Release */ = {
			isa = XCBuildConfiguration;
			buildSettings = {
				BUNDLE_LOADER = "$(TEST_HOST)";
				FRAMEWORK_SEARCH_PATHS = (
					"$(SDKROOT)/Developer/Library/Frameworks",
					"$(inherited)",
				);
				INFOPLIST_FILE = "JPAttributedStringBuilder ExamplesTests/Info.plist";
				LD_RUNPATH_SEARCH_PATHS = "$(inherited) @executable_path/Frameworks @loader_path/Frameworks";
				PRODUCT_NAME = "$(TARGET_NAME)";
				TEST_HOST = "$(BUILT_PRODUCTS_DIR)/JPAttributedStringBuilder Examples.app/JPAttributedStringBuilder Examples";
			};
			name = Release;
		};
/* End XCBuildConfiguration section */

/* Begin XCConfigurationList section */
		1ACFEBE91A2EA8380070C11C /* Build configuration list for PBXProject "JPAttributedStringBuilder" */ = {
			isa = XCConfigurationList;
			buildConfigurations = (
				1ACFEC0F1A2EA8380070C11C /* Debug */,
				1ACFEC101A2EA8380070C11C /* Release */,
			);
			defaultConfigurationIsVisible = 0;
			defaultConfigurationName = Release;
		};
		1ACFEC111A2EA8380070C11C /* Build configuration list for PBXNativeTarget "JPAttributedStringBuilder Examples" */ = {
			isa = XCConfigurationList;
			buildConfigurations = (
				1ACFEC121A2EA8380070C11C /* Debug */,
				1ACFEC131A2EA8380070C11C /* Release */,
			);
			defaultConfigurationIsVisible = 0;
			defaultConfigurationName = Release;
		};
		1ACFEC141A2EA8380070C11C /* Build configuration list for PBXNativeTarget "JPAttributedStringBuilder ExamplesTests" */ = {
			isa = XCConfigurationList;
			buildConfigurations = (
				1ACFEC151A2EA8380070C11C /* Debug */,
				1ACFEC161A2EA8380070C11C /* Release */,
			);
			defaultConfigurationIsVisible = 0;
			defaultConfigurationName = Release;
		};
/* End XCConfigurationList section */
	};
	rootObject = 1ACFEBE61A2EA8380070C11C /* Project object */;
}
